{
  "requires": true,
  "lockfileVersion": 1,
  "dependencies": {
    "@fortawesome/fontawesome-free": {
      "version": "5.13.1",
      "resolved": "https://registry.npmjs.org/@fortawesome/fontawesome-free/-/fontawesome-free-5.13.1.tgz",
      "integrity": "sha512-D819f34FLHeBN/4xvw0HR0u7U2G7RqjPSggXqf7LktsxWQ48VAfGwvMrhcVuaZV2fF069c/619RdgCCms0DHhw=="
    },
    "throttle-debounce": {
      "version": "2.2.1",
      "resolved": "https://registry.npmjs.org/throttle-debounce/-/throttle-debounce-2.2.1.tgz",
      "integrity": "sha512-i9hAVld1f+woAiyNGqWelpDD5W1tpMroL3NofTz9xzwq6acWBlO2dC8k5EFSZepU6oOINtV5Q3aSPoRg7o4+fA=="
    },
    "v-viewer": {
      "version": "1.5.1",
      "resolved": "https://registry.npmjs.org/v-viewer/-/v-viewer-1.5.1.tgz",
      "integrity": "sha512-Q5ICKzmYQD0qTf+hti2Lhgy6UYY2zgFr+YrN9a3yPgr7pOjYrG405Pz4+6Z6FXlhdhGysCWFJUNCI2tsIyvjWQ==",
      "requires": {
        "throttle-debounce": "^2.0.1",
        "viewerjs": "^1.5.0"
      }
    },
    "viewerjs": {
      "version": "1.6.1",
      "resolved": "https://registry.npmjs.org/viewerjs/-/viewerjs-1.6.1.tgz",
      "integrity": "sha512-2c6hURX1kaHNCluP0l+7nkI26/GBcQqpMRA4PGC3EsJ48lSpjYXK8C1pHC84q9kf4otANwxH2Nw8HAOk69ZTig=="
    },
    "vue-router": {
      "version": "3.3.4",
      "resolved": "https://registry.npmjs.org/vue-router/-/vue-router-3.3.4.tgz",
      "integrity": "sha512-SdKRBeoXUjaZ9R/8AyxsdTqkOfMcI5tWxPZOUX5Ie1BTL5rPSZ0O++pbiZCeYeythiZIdLEfkDiQPKIaWk5hDg=="
    },
    "vueperslides": {
      "version": "2.10.2",
      "resolved": "https://registry.npmjs.org/vueperslides/-/vueperslides-2.10.2.tgz",
      "integrity": "sha512-EdAC6RQIHzZs5ZrFTy2CZ6GYGApAM77gd04+jDZqEzKf8nlClTpjzZh1N9J8psAMtfBjx3q4CitIfWdyWmgFnQ=="
    }
  }
}
